
Microsoft Visual Studio Solution File, Format Version 12.00
# Visual Studio Version 16
VisualStudioVersion = 16.0.28803.452
MinimumVisualStudioVersion = 10.0.40219.1
Project("{FAE04EC0-301F-11D3-BF4B-00C04F79EFBC}") = "eAdvertisement_bot", "eAdvertisement_bot\eAdvertisement_bot.csproj", "{ECC5DB58-FB8B-4E66-8FA8-68E29B92AB75}"
EndProject
Global
	GlobalSection(SolutionConfigurationPlatforms) = preSolution
		Debug|Any CPU = Debug|Any CPU
		Release|Any CPU = Release|Any CPU
	EndGlobalSection
	GlobalSection(ProjectConfigurationPlatforms) = postSolution
		{ECC5DB58-FB8B-4E66-8FA8-68E29B92AB75}.Debug|Any CPU.ActiveCfg = Debug|Any CPU
		{ECC5DB58-FB8B-4E66-8FA8-68E29B92AB75}.Debug|Any CPU.Build.0 = Debug|Any CPU
		{ECC5DB58-FB8B-4E66-8FA8-68E29B92AB75}.Release|Any CPU.ActiveCfg = Release|Any CPU
		{ECC5DB58-FB8B-4E66-8FA8-68E29B92AB75}.Release|Any CPU.Build.0 = Release|Any CPU
	EndGlobalSection
	GlobalSection(SolutionProperties) = preSolution
		HideSolutionNode = FALSE
	EndGlobalSection
	GlobalSection(ExtensibilityGlobals) = postSolution
		SolutionGuid = {4F0E21D6-67F3-460C-A543-A98412F1A6D5}
	EndGlobalSection
EndGlobal
